{
  "version": 4,
  "terraform_version": "1.16.0",
  "serial": 5,
  "lineage": "133a8f83-8270-834d-35b9-befe3749909b",
  "outputs": {
    "vm_public_ips": {
      "value": "84.201.172.104",
      "type": "string"
    }
  },
  "resources": [
    {
      "mode": "data",
      "type": "yandex_compute_image",
      "name": "ubuntu",
      "provider": "provider[\"registry.terraform.io/yandex-cloud/yandex\"]",
      "instances": [
        {
          "schema_version": 0,
          "attributes": {
            "created_at": "2026-08-31T18:28:11Z",
            "description": "Ubuntu 22.04 lts v20260828030207",
            "family": "ubuntu-2204-lts",
            "folder_id": "standard-images",
            "id": "fd8g8llr1b5jpka1i4hb",
            "image_id": "fd8g8llr1b5jpka1i4hb",
            "labels": {
              "version": "20260828030207",
              "x-hopper-operation-id": "d9pokrvlu0p7iioh0r5k",
              "x-hopper-source-image-id": "fd8bmsa4mktg7eck9ogn"
            },
            "min_disk_size": 8,
            "name": "ubuntu-22-04-lts-v20260831",
            "os_type": "linux",
            "pooled": true,
            "product_ids": [
              "f2eso5tionsq8dgfm97s"
            ],
            "size": 2,
            "status": "ready"
          },
          "sensitive_attributes": [],
          "identity_schema_version": 0
        }
      ]
    },
    {
      "mode": "managed",
      "type": "yandex_compute_instance",
      "name": "my_vm",
      "provider": "provider[\"registry.terraform.io/yandex-cloud/yandex\"]",
      "instances": [
        {
          "schema_version": 1,
          "attributes": {
            "allow_recreate": null,
            "allow_stopping_for_update": null,
            "boot_disk": [
              {
                "auto_delete": true,
                "device_name": "fhm04l0b68okk0u1venk",
                "disk_id": "fhm04l0b68okk0u1venk",
                "initialize_params": [
                  {
                    "block_size": 4096,
                    "description": "",
                    "image_id": "fd8g8llr1b5jpka1i4hb",
                    "name": "",
                    "size": 8,
                    "snapshot_id": "",
                    "type": "network-hdd"
                  }
                ],
                "mode": "READ_WRITE"
              }
            ],
            "created_at": "2026-09-05T03:34:25Z",
            "description": "",
            "filesystem": [],
            "folder_id": "b1glfv8i1n3vafldb6n5",
            "fqdn": "fhmrg6d4t6snvdm8d8h2.auto.internal",
            "gpu_cluster_id": "",
            "hostname": "",
            "id": "fhmrg6d4t6snvdm8d8h2",
            "labels": null,
            "local_disk": [],
            "maintenance_grace_period": "",
            "maintenance_policy": null,
            "metadata": {
              "ssh-keys": "ubuntu:ssh-rsa AAAAB3NzaC1yc2EAAAADAQABAAACAQC+LmceDFLmAtnVQ84AXQWa4nA/Xeaa6EmNUJNwQjTKJMXdsSB171pxvY1JVYmU2213woMkAo3ikE24fYk0nmmmayzQo/0kCf/MnlPiCT4bkMYxXTaUetRWwO3kyDRrU2bB6B9KD8djigVdfw1ljSZaVL+/cKfhVxN/iKm7E4YkwLNs2TGba2pUyxq1v1wjPzef5hxj+AWo/INABD8nhmAsMrtq6tlPHuZo0yYOn2PrJway2kG/eiAicEbUZLT2VfVkixuQXtddNSf3NgajeqloMK0MZBwQUBFpVfx8z4bQLHDATc/ASWHMhokOEc1CsKmv4HxLe0orbfRmt2jeEqy51Mks89oYDqENOv5kOucij3ageBscuWRSv38eNtfpgh9q9VjWNuf84f59wRuI35l2T7dSymY78gpAP7pGldVA3DVWlZgr45V+87m7pCL8y4zJMMbVCAQBA4LCQ6fF22NW2m38KLI2gJwUdfTMmVVTTaq1fEVosxV5ZwHYYNO2I5UcFfatGnIFsV//fHygQbH1wvwmDthWSvDcbKAK1R35WR2qyyP3SWe9dZFjeINlgKP3xlfVvCp6H3EU5tFm2eW24OfQXWiOeyL5CRkBtaqKXqIFmZNEgBUaO+s5CQwwT4cDLA5z2qAyfhwLNNpWqU6Zz5m3xkNio8fcEnn/sU4wtQ== your_email@example.com\r\n"
            },
            "metadata_options": [
              {
                "aws_v1_http_endpoint": 1,
                "aws_v1_http_token": 2,
                "gce_http_endpoint": 1,
                "gce_http_token": 1
              }
            ],
            "name": "my-terraform-vm-1",
            "network_acceleration_type": "standard",
            "network_interface": [
              {
                "dns_record": [],
                "index": 0,
                "ip_address": "192.168.10.28",
                "ipv4": true,
                "ipv6": false,
                "ipv6_address": "",
                "ipv6_dns_record": [],
                "mac_address": "d0:0d:1b:81:9a:4e",
                "nat": true,
                "nat_dns_record": [],
                "nat_ip_address": "84.201.172.104",
                "nat_ip_version": "IPV4",
                "security_group_ids": [],
                "subnet_id": "e9b2tnb6obg0o8nl6ub4"
              }
            ],
            "placement_policy": [
              {
                "host_affinity_rules": [],
                "placement_group_id": "",
                "placement_group_partition": 0
              }
            ],
            "platform_id": "standard-v1",
            "resources": [
              {
                "core_fraction": 100,
                "cores": 2,
                "gpus": 0,
                "memory": 2
              }
            ],
            "scheduling_policy": [
              {
                "preemptible": false
              }
            ],
            "secondary_disk": [],
            "service_account_id": "",
            "status": "running",
            "timeouts": null,
            "zone": "ru-central1-a"
          },
          "sensitive_attributes": [],
          "identity_schema_version": 0,
          "private": "eyJlMmJmYjczMC1lY2FhLTExZTYtOGY4OC0zNDM2M2JjN2M0YzAiOnsiY3JlYXRlIjozMDAwMDAwMDAwMDAsImRlbGV0ZSI6MzAwMDAwMDAwMDAwLCJ1cGRhdGUiOjMwMDAwMDAwMDAwMH0sInNjaGVtYV92ZXJzaW9uIjoiMSJ9",
          "dependencies": [
            "data.yandex_compute_image.ubuntu",
            "yandex_vpc_network.my_network",
            "yandex_vpc_subnet.my_subnet"
          ]
        }
      ]
    },
    {
      "mode": "managed",
      "type": "yandex_vpc_network",
      "name": "my_network",
      "provider": "provider[\"registry.terraform.io/yandex-cloud/yandex\"]",
      "instances": [
        {
          "schema_version": 0,
          "attributes": {
            "created_at": "2026-09-05T03:34:22Z",
            "default_security_group_id": "enpg0v1u8cq3jh7dtla7",
            "description": "",
            "folder_id": "b1glfv8i1n3vafldb6n5",
            "id": "enpckm3032oar1vhobo4",
            "labels": {},
            "name": "my-terraform-network",
            "subnet_ids": [],
            "timeouts": null
          },
          "sensitive_attributes": [],
          "identity_schema_version": 0,
          "private": "eyJlMmJmYjczMC1lY2FhLTExZTYtOGY4OC0zNDM2M2JjN2M0YzAiOnsiY3JlYXRlIjo2MDAwMDAwMDAwMCwiZGVsZXRlIjo2MDAwMDAwMDAwMCwidXBkYXRlIjo2MDAwMDAwMDAwMH19"
        }
      ]
    },
    {
      "mode": "managed",
      "type": "yandex_vpc_subnet",
      "name": "my_subnet",
      "provider": "provider[\"registry.terraform.io/yandex-cloud/yandex\"]",
      "instances": [
        {
          "schema_version": 0,
          "attributes": {
            "created_at": "2026-09-05T03:34:24Z",
            "description": "",
            "dhcp_options": [],
            "folder_id": "b1glfv8i1n3vafldb6n5",
            "id": "e9b2tnb6obg0o8nl6ub4",
            "labels": {},
            "name": "my-terraform-subnet",
            "network_id": "enpckm3032oar1vhobo4",
            "route_table_id": "",
            "timeouts": null,
            "v4_cidr_blocks": [
              "192.168.10.0/24"
            ],
            "v6_cidr_blocks": [],
            "zone": "ru-central1-a"
          },
          "sensitive_attributes": [],
          "identity_schema_version": 0,
          "private": "eyJlMmJmYjczMC1lY2FhLTExZTYtOGY4OC0zNDM2M2JjN2M0YzAiOnsiY3JlYXRlIjoxODAwMDAwMDAwMDAsImRlbGV0ZSI6MTgwMDAwMDAwMDAwLCJ1cGRhdGUiOjE4MDAwMDAwMDAwMH19",
          "dependencies": [
            "yandex_vpc_network.my_network"
          ]
        }
      ]
    }
  ],
  "check_results": null
}
